# This file is generated by running "yarn install" inside your project.
# Manual changes might be lost - proceed with caution!

__metadata:
  version: 7
  cacheKey: 9

"@babel/runtime@npm:^7.20.13":
  version: 7.21.5
  resolution: "@babel/runtime@npm:7.21.5"
  dependencies:
    regenerator-runtime: "npm:^0.13.11"
  checksum: 1ecc2c70921d1a43b44287c9bccf28fc816923a35714045995505e866f4a2b5b94f66a806e86ad5fbfdecb6623fc380fb6778b92f9fa814885430b461eddf392
  languageName: node
  linkType: hard

"@next/env@npm:13.4.3":
  version: 13.4.3
  resolution: "@next/env@npm:13.4.3"
  checksum: 8a81be5bea927816808ce293c7892499b85c224730f9c551580b3726135dccb27a7ea647926e1ef7ae310a06993ec69c02cd017c6a05c092773d3ecdae54e53b
  languageName: node
  linkType: hard

"@next/swc-darwin-arm64@npm:13.4.3":
  version: 13.4.3
  resolution: "@next/swc-darwin-arm64@npm:13.4.3"
  conditions: os=darwin & cpu=arm64
  languageName: node
  linkType: hard

"@next/swc-darwin-x64@npm:13.4.3":
  version: 13.4.3
  resolution: "@next/swc-darwin-x64@npm:13.4.3"
  conditions: os=darwin & cpu=x64
  languageName: node
  linkType: hard

"@next/swc-linux-arm64-gnu@npm:13.4.3":
  version: 13.4.3
  resolution: "@next/swc-linux-arm64-gnu@npm:13.4.3"
  conditions: os=linux & cpu=arm64 & libc=glibc
  languageName: node
  linkType: hard

"@next/swc-linux-arm64-musl@npm:13.4.3":
  version: 13.4.3
  resolution: "@next/swc-linux-arm64-musl@npm:13.4.3"
  conditions: os=linux & cpu=arm64 & libc=musl
  languageName: node
  linkType: hard

"@next/swc-linux-x64-gnu@npm:13.4.3":
  version: 13.4.3
  resolution: "@next/swc-linux-x64-gnu@npm:13.4.3"
  conditions: os=linux & cpu=x64 & libc=glibc
  languageName: node
  linkType: hard

"@next/swc-linux-x64-musl@npm:13.4.3":
  version: 13.4.3
  resolution: "@next/swc-linux-x64-musl@npm:13.4.3"
  conditions: os=linux & cpu=x64 & libc=musl
  languageName: node
  linkType: hard

"@next/swc-win32-arm64-msvc@npm:13.4.3":
  version: 13.4.3
  resolution: "@next/swc-win32-arm64-msvc@npm:13.4.3"
  conditions: os=win32 & cpu=arm64
  languageName: node
  linkType: hard

"@next/swc-win32-ia32-msvc@npm:13.4.3":
  version: 13.4.3
  resolution: "@next/swc-win32-ia32-msvc@npm:13.4.3"
  conditions: os=win32 & cpu=ia32
  languageName: node
  linkType: hard

"@next/swc-win32-x64-msvc@npm:13.4.3":
  version: 13.4.3
  resolution: "@next/swc-win32-x64-msvc@npm:13.4.3"
  conditions: os=win32 & cpu=x64
  languageName: node
  linkType: hard

"@panva/hkdf@npm:^1.0.2":
  version: 1.1.1
  resolution: "@panva/hkdf@npm:1.1.1"
  checksum: b8a6d7e72c75e8af7cc9f3221394bb9963e81f899ab60cc1819ccb08fdad44988834518d99846dd6a1c16fadc8ba16e011a0d6102832b6dabda8bb15ba3e973e
  languageName: node
  linkType: hard

"@swc/helpers@npm:0.5.1":
  version: 0.5.1
  resolution: "@swc/helpers@npm:0.5.1"
  dependencies:
    tslib: "npm:^2.4.0"
  checksum: ac7ad276f6afaf22e251b246f71e797e451a80ac606fa0ad978ee016fd17eddd317737004b792d8486f40ed8e9df083337309afc851d6861aa09d8f8f6d47b1f
  languageName: node
  linkType: hard

"@types/node@npm:20.2.3":
  version: 20.2.3
  resolution: "@types/node@npm:20.2.3"
  checksum: c98c23ca2f2aecf0ff26f368cbecc617b681ad4a5385af6ecb2f2ae4cf421409fe9a3bf243cea4ba7bf30f84b11e51ca432d26ee417aefbed136857506086099
  languageName: node
  linkType: hard

"@types/prop-types@npm:*":
  version: 15.7.5
  resolution: "@types/prop-types@npm:15.7.5"
  checksum: a6e04a01e1f632cc3fa5fffd79779f2f83a8fec1293cdf29b5a02aa4e1a1b38a124e824205a40de4e66532a0fa33c4f60337b55cec635080ea2571e55910460f
  languageName: node
  linkType: hard

"@types/react-dom@npm:18.2.4":
  version: 18.2.4
  resolution: "@types/react-dom@npm:18.2.4"
  dependencies:
    "@types/react": "npm:*"
  checksum: ebede9432aa5438fe020a2bf76730cace72bcbd5b989a5c55fabbfc16e72af5f3d3424f6a1f3501ab7b608eadff99e05bc53fd7dc34406d6d14acd0b30a5881f
  languageName: node
  linkType: hard

"@types/react@npm:*, @types/react@npm:18.2.7":
  version: 18.2.7
  resolution: "@types/react@npm:18.2.7"
  dependencies:
    "@types/prop-types": "npm:*"
    "@types/scheduler": "npm:*"
    csstype: "npm:^3.0.2"
  checksum: 5703e342e02c45575b5e10b2fe13dd0df233d52e4e75e128819bea706c330c6ccbde16476ba268f1bbbc96a2faebb84ed0705aa507954feb30c834364ea50deb
  languageName: node
  linkType: hard

"@types/scheduler@npm:*":
  version: 0.16.3
  resolution: "@types/scheduler@npm:0.16.3"
  checksum: 2bfdbd171397a218c87e98dc49e6d747c3cf34cecdcd1df2a05759ae7d5193dead67c68f2fe1ccf52c0c72b18eab75d155f0082913ce97b2fc37e8ef02d9115e
  languageName: node
  linkType: hard

"busboy@npm:1.6.0":
  version: 1.6.0
  resolution: "busboy@npm:1.6.0"
  dependencies:
    streamsearch: "npm:^1.1.0"
  checksum: 4f9b97d97465ab8d7da3f9ee34129e4e92e473451547f3960224f209249b2546006c0bc66842932c0646c98247facf7f3341a20966114fadd234434e319411ad
  languageName: node
  linkType: hard

"caniuse-lite@npm:^1.0.30001406":
  version: 1.0.30001489
  resolution: "caniuse-lite@npm:1.0.30001489"
  checksum: 218d9b5c58472fe9e6183917ec9181180562c3e707661cf8ceecc373232a15d249066eb086321f5d2f3838be58a286f962e815059cfee7e064168e4d7ed407ec
  languageName: node
  linkType: hard

"client-only@npm:0.0.1":
  version: 0.0.1
  resolution: "client-only@npm:0.0.1"
  checksum: d2117e1ff1ceaaa6c21ce705f5516fbdb197d5a10e7ebc6f698cb550cae63394da07d1a73045bc208f5608e953523ac807009cfb88a7e4c740df5da347ce722f
  languageName: node
  linkType: hard

"cookie@npm:^0.5.0":
  version: 0.5.0
  resolution: "cookie@npm:0.5.0"
  checksum: 23bd6dd64f025869373c6f3c72a870b9bd0e0e6a0ffe734229c032d7aca51972ba584b39100c09141b18043e790862425aae4a60d7449fca565b21cdae0cb3c3
  languageName: node
  linkType: hard

"csstype@npm:^3.0.2":
  version: 3.1.2
  resolution: "csstype@npm:3.1.2"
  checksum: 9f4357df50023d227d535beb807ccf8e6d8ad6b639afe375898214ebde729aa275731a19d9bcbf01444a6904008cc0d47fbbefa5fa5fc59d7d40e3595d0d41ae
  languageName: node
  linkType: hard

"env@npm:^0.0.2":
  version: 0.0.2
  resolution: "env@npm:0.0.2"
  checksum: fe77f64d6f44a1f14560315d2a3e52c96eba4a5d2fc515d2670a30b00b80b1d6e9779cf91f42a52b920e30108bedc111e320c797a6a9f10c014de7af1b5d0df4
  languageName: node
  linkType: hard

"git-dashboard@workspace:.":
  version: 0.0.0-use.local
  resolution: "git-dashboard@workspace:."
  dependencies:
    "@types/node": "npm:20.2.3"
    "@types/react": "npm:18.2.7"
    "@types/react-dom": "npm:18.2.4"
    env: "npm:^0.0.2"
    next: "npm:13.4.3"
    next-auth: "npm:^4.22.1"
    react: "npm:18.2.0"
    react-dom: "npm:18.2.0"
    typescript: "npm:5.0.4"
  languageName: unknown
  linkType: soft

"jose@npm:^4.11.4, jose@npm:^4.14.1":
  version: 4.14.4
  resolution: "jose@npm:4.14.4"
  checksum: 134a0432ea92fd589194007589db5f5b0b0c8aedcca01841c82267f392f87fde6c4af845235e7f4596d27682b38c0e60f209b65719cd509d38e63e1f0ab3c599
  languageName: node
  linkType: hard

"js-tokens@npm:^3.0.0 || ^4.0.0":
  version: 4.0.0
  resolution: "js-tokens@npm:4.0.0"
  checksum: 47d1c18dc6b9eed4baf1db3d81b36feb95b463201c82ffce0d7a4d65ede596ba97d6ac2468974199705db9ef8a3433606af41fc7bbe7cb25c1dd601785413d9b
  languageName: node
  linkType: hard

"loose-envify@npm:^1.1.0":
  version: 1.4.0
  resolution: "loose-envify@npm:1.4.0"
  dependencies:
    js-tokens: "npm:^3.0.0 || ^4.0.0"
  bin:
    loose-envify: cli.js
  checksum: 39c5fc44c6a8f7f8a92cccf174554fbb307477ef493760407920fdd4ed5f6cc1aec5b6a5ab3c3767ef79547b3e1aea09d8ca08d773232c662d910cfe473a0590
  languageName: node
  linkType: hard

"lru-cache@npm:^6.0.0":
  version: 6.0.0
  resolution: "lru-cache@npm:6.0.0"
  dependencies:
    yallist: "npm:^4.0.0"
  checksum: b2d72088dd27df27189607554990b0fd31d3fbd4037df909ef66f48a14122baf8ffce7f33edc17e6543ea7cd71fa561136518355dde2ad57676fa0b2ea53b85f
  languageName: node
  linkType: hard

"nanoid@npm:^3.3.4":
  version: 3.3.6
  resolution: "nanoid@npm:3.3.6"
  bin:
    nanoid: bin/nanoid.cjs
  checksum: c6f3fad3b9132b17f72f9ca018ff12caf5a9fd474d08881156deffe7c77cc76220e49610232e570e2a33e3aa941214c08634762390a87b1fb9816d6108aa9e64
  languageName: node
  linkType: hard

"next-auth@npm:^4.22.1":
  version: 4.22.1
  resolution: "next-auth@npm:4.22.1"
  dependencies:
    "@babel/runtime": "npm:^7.20.13"
    "@panva/hkdf": "npm:^1.0.2"
    cookie: "npm:^0.5.0"
    jose: "npm:^4.11.4"
    oauth: "npm:^0.9.15"
    openid-client: "npm:^5.4.0"
    preact: "npm:^10.6.3"
    preact-render-to-string: "npm:^5.1.19"
    uuid: "npm:^8.3.2"
  peerDependencies:
    next: ^12.2.5 || ^13
    nodemailer: ^6.6.5
    react: ^17.0.2 || ^18
    react-dom: ^17.0.2 || ^18
  peerDependenciesMeta:
    nodemailer:
      optional: true
  checksum: 350dce76ec57487f9f0192a9bc6b1a8c474814b19457f56b49b4d301b1d5081cfdc296296ac6091e7f16d16f2ee12ad422ab9a39629cd2ee076e8d86b1427507
  languageName: node
  linkType: hard

"next@npm:13.4.3":
  version: 13.4.3
  resolution: "next@npm:13.4.3"
  dependencies:
    "@next/env": "npm:13.4.3"
    "@next/swc-darwin-arm64": "npm:13.4.3"
    "@next/swc-darwin-x64": "npm:13.4.3"
    "@next/swc-linux-arm64-gnu": "npm:13.4.3"
    "@next/swc-linux-arm64-musl": "npm:13.4.3"
    "@next/swc-linux-x64-gnu": "npm:13.4.3"
    "@next/swc-linux-x64-musl": "npm:13.4.3"
    "@next/swc-win32-arm64-msvc": "npm:13.4.3"
    "@next/swc-win32-ia32-msvc": "npm:13.4.3"
    "@next/swc-win32-x64-msvc": "npm:13.4.3"
    "@swc/helpers": "npm:0.5.1"
    busboy: "npm:1.6.0"
    caniuse-lite: "npm:^1.0.30001406"
    postcss: "npm:8.4.14"
    styled-jsx: "npm:5.1.1"
    zod: "npm:3.21.4"
  peerDependencies:
    "@opentelemetry/api": ^1.1.0
    fibers: ">= 3.1.0"
    node-sass: ^6.0.0 || ^7.0.0
    react: ^18.2.0
    react-dom: ^18.2.0
    sass: ^1.3.0
  dependenciesMeta:
    "@next/swc-darwin-arm64":
      optional: true
    "@next/swc-darwin-x64":
      optional: true
    "@next/swc-linux-arm64-gnu":
      optional: true
    "@next/swc-linux-arm64-musl":
      optional: true
    "@next/swc-linux-x64-gnu":
      optional: true
    "@next/swc-linux-x64-musl":
      optional: true
    "@next/swc-win32-arm64-msvc":
      optional: true
    "@next/swc-win32-ia32-msvc":
      optional: true
    "@next/swc-win32-x64-msvc":
      optional: true
  peerDependenciesMeta:
    "@opentelemetry/api":
      optional: true
    fibers:
      optional: true
    node-sass:
      optional: true
    sass:
      optional: true
  bin:
    next: dist/bin/next
  checksum: 412b4fa9c7e729c74b9c092dc3d80fbf16819daa6915a7b0f1cbba6b15107f292dbbedf53a5c22ff957a8ca120960793ff143fe200916399d1c47953c404f858
  languageName: node
  linkType: hard

"oauth@npm:^0.9.15":
  version: 0.9.15
  resolution: "oauth@npm:0.9.15"
  checksum: f87faa40ee5e3b1e48c847c7ed4c445c8fd3bd19af7846a086fa213d83f40c808ae9576e15862567a3168b33855c4eca019b836f0bb89786ad72134c6719f467
  languageName: node
  linkType: hard

"object-hash@npm:^2.2.0":
  version: 2.2.0
  resolution: "object-hash@npm:2.2.0"
  checksum: 40373e057e54ed3385e3097f36dd40922940932dc0c06a3f5540b82dff473333db28135162065863d075962cbc88068c4221b3b8459702fcddcecaaadb22b6ba
  languageName: node
  linkType: hard

"oidc-token-hash@npm:^5.0.3":
  version: 5.0.3
  resolution: "oidc-token-hash@npm:5.0.3"
  checksum: f7f30caae75c447b3550692eddee8f3fcab17a50780a48edfff19ebfd97c2e63e31ba83e9656dc713d9e0bac76b1f701b8998821df735c9b57d3cf0601c53b14
  languageName: node
  linkType: hard

"openid-client@npm:^5.4.0":
  version: 5.4.2
  resolution: "openid-client@npm:5.4.2"
  dependencies:
    jose: "npm:^4.14.1"
    lru-cache: "npm:^6.0.0"
    object-hash: "npm:^2.2.0"
    oidc-token-hash: "npm:^5.0.3"
  checksum: 0b33b98725179025081e7ff74396e148805b0e357ab7172de31065f924941d54c5a272fde2397667ca32e2f136a9dc79782632f519da7d06a9db87d1b1ce82a4
  languageName: node
  linkType: hard

"picocolors@npm:^1.0.0":
  version: 1.0.0
  resolution: "picocolors@npm:1.0.0"
  checksum: 447e1f6e4953522a3947f2effa93dca66f2436a7c275327ba1a7fb526eab369fc9847d77ebcd734dc483322256f34b431e93a325e44726e4ec390c11cc7f5c87
  languageName: node
  linkType: hard

"postcss@npm:8.4.14":
  version: 8.4.14
  resolution: "postcss@npm:8.4.14"
  dependencies:
    nanoid: "npm:^3.3.4"
    picocolors: "npm:^1.0.0"
    source-map-js: "npm:^1.0.2"
  checksum: 1e1e4a4cc235674bea79da18dd3e02ea8ffcd51546c7ddf1fc7ba4de5e89154a83988bb8c1b30bd9566df56fc0077dce6e620d8f9ce6ababf60f659ffc53f72c
  languageName: node
  linkType: hard

"preact-render-to-string@npm:^5.1.19":
  version: 5.2.6
  resolution: "preact-render-to-string@npm:5.2.6"
  dependencies:
    pretty-format: "npm:^3.8.0"
  peerDependencies:
    preact: ">=10"
  checksum: 4def6c1a11b61d5af91cc98a7568938848686715c33a884939fdd098a98770dcaa59c11642c44209f6952ca659554ce6462cfc1913b0cc4d5fa27aea92a9c1fd
  languageName: node
  linkType: hard

"preact@npm:^10.6.3":
  version: 10.15.0
  resolution: "preact@npm:10.15.0"
  checksum: 0bf66081883a88745b3c5b9b3efeb60a38d07e84b353facb29273a03d94715f63783722adf80463dc9c14bc74118f2dae790c1eb65ffe8134effa04e9acf4772
  languageName: node
  linkType: hard

"pretty-format@npm:^3.8.0":
  version: 3.8.0
  resolution: "pretty-format@npm:3.8.0"
  checksum: 9b296c22bf6a0c345118d694a35073cb4a4a236a6096adecbbffefc237f703fc80357bd2603f7b51245656966cc44ce403873ce2f41632c24bd143e27f12f6f4
  languageName: node
  linkType: hard

"react-dom@npm:18.2.0":
  version: 18.2.0
  resolution: "react-dom@npm:18.2.0"
  dependencies:
    loose-envify: "npm:^1.1.0"
    scheduler: "npm:^0.23.0"
  peerDependencies:
    react: ^18.2.0
  checksum: 7c5b915fb793d63563cec1f721e059e6ff0e2855ac116ab5cb7450b6c59398f5e25f95c960ce5cb93504cc58ab724a75a78e99282354e702a0e667d0d787d028
  languageName: node
  linkType: hard

"react@npm:18.2.0":
  version: 18.2.0
  resolution: "react@npm:18.2.0"
  dependencies:
    loose-envify: "npm:^1.1.0"
  checksum: 8434e5782c52b3bf18a80b666348977924ee3827895fa03ec3ffb9faca90c460049f14130428dd1546bab6cf3b2c277f2c243d3c2a856501331d2e69c24b2bb9
  languageName: node
  linkType: hard

"regenerator-runtime@npm:^0.13.11":
  version: 0.13.11
  resolution: "regenerator-runtime@npm:0.13.11"
  checksum: 0485db63ce47760e28329590cb9f8b208365d076dbf2edaa32e551a7c0451fc6f7557b225268422c960ffa4fbc6ff86d63d6a747aacbf6b10ed6a747b432e3c8
  languageName: node
  linkType: hard

"scheduler@npm:^0.23.0":
  version: 0.23.0
  resolution: "scheduler@npm:0.23.0"
  dependencies:
    loose-envify: "npm:^1.1.0"
  checksum: f4022b95cdc282668643da4850f55fe70c899aa956d11819f196e2ca892271bdb253613e53997852094f9351f7c72d057eea8b28d9b4bcb93bcb1c6d09985c82
  languageName: node
  linkType: hard

"source-map-js@npm:^1.0.2":
  version: 1.0.2
  resolution: "source-map-js@npm:1.0.2"
  checksum: 4496d29f371909dbc27dfb302f31cadc70b6f1591b2b433337daf923fac30e9632523e169494b40d06b53228166a577875a3610bce3412de8bb600152f748a9c
  languageName: node
  linkType: hard

"streamsearch@npm:^1.1.0":
  version: 1.1.0
  resolution: "streamsearch@npm:1.1.0"
  checksum: 8d7c4b5046cf7ff528421d6e2ee0d8335da82a34edca4c58e2022390f4f73be1c83deeb14010bf939bb71e7990bd06367ca0382b3c6df1b932ecb1b98bb50e22
  languageName: node
  linkType: hard

"styled-jsx@npm:5.1.1":
  version: 5.1.1
  resolution: "styled-jsx@npm:5.1.1"
  dependencies:
    client-only: "npm:0.0.1"
  peerDependencies:
    react: ">= 16.8.0 || 17.x.x || ^18.0.0-0"
  peerDependenciesMeta:
    "@babel/core":
      optional: true
    babel-plugin-macros:
      optional: true
  checksum: 709de74259b62aa9b9184f60fd157c5723e3a92be87eff16ca2aa20a7b4f71e680c6fedf3a5d8bc66ec79f8bde756a49d19edc47c9dbe3d98e9ae095f09a350c
  languageName: node
  linkType: hard

"tslib@npm:^2.4.0":
  version: 2.5.2
  resolution: "tslib@npm:2.5.2"
  checksum: ed22e23f3d390c305c714064679149f3dd298bc7473697480343c6ec4d2afc94270f85d947fca2ccc6324a22602ef04fe2c7177dda317fbea55f7da1dca3fa36
  languageName: node
  linkType: hard

"typescript@npm:5.0.4":
  version: 5.0.4
  resolution: "typescript@npm:5.0.4"
  bin:
    tsc: bin/tsc
    tsserver: bin/tsserver
  checksum: 56649de784c427e8f3f63d4ebfcada4fcf03bb2a301f3327342111798db7f26f8a86285f979f376cf6cec4774bd96b4650f2693a07fc409f4544ad4c4d9fe4c9
  languageName: node
  linkType: hard

"typescript@patch:typescript@npm%3A5.0.4#optional!builtin<compat/typescript>":
  version: 5.0.4
  resolution: "typescript@patch:typescript@npm%3A5.0.4#optional!builtin<compat/typescript>::version=5.0.4&hash=b5f058"
  bin:
    tsc: bin/tsc
    tsserver: bin/tsserver
  checksum: e4296a207d18264eb9b17a912b0929c4e8be5a4e48aefa016e952eaa445e5a4ed363a72d9023f151dc7f100d48d4bfa35480aec199f123a664ef8a622355ae4f
  languageName: node
  linkType: hard

"uuid@npm:^8.3.2":
  version: 8.3.2
  resolution: "uuid@npm:8.3.2"
  bin:
    uuid: dist/bin/uuid
  checksum: 236a12282c6fa32f326aa1b6d5699a843572e9ab7de84a1507a6b7c315fdcf55bf6ed333fd37d35c5c656f4cb96af998844e1c8cae281c442a1ec3b66df62962
  languageName: node
  linkType: hard

"yallist@npm:^4.0.0":
  version: 4.0.0
  resolution: "yallist@npm:4.0.0"
  checksum: cd7fe32508c6942d8b979278fbe13846fe88cd6840d78043d08c6b2c74d67ce38b58bd21618dca8a4e132dcc025fc0e66a7d87ca10cf6ed338465607ebff4378
  languageName: node
  linkType: hard

"zod@npm:3.21.4":
  version: 3.21.4
  resolution: "zod@npm:3.21.4"
  checksum: f25f384f380c49d05a11541093a8d26f07688aa39f6a8adbd6dc338b43f63617bf138734fb1b79800ba374523f6a1bb561f7d401b3cc051fed2715eae5577d0a
  languageName: node
  linkType: hard
